
Microsoft Visual Studio Solution File, Format Version 9.00
# Visual C++ Express 2005
Project("{8BC9CEB8-8B4A-11D0-8D11-00A0C91BC942}") = "ngsclient", "ngsclient\ngsclient.vcproj", "{3945AFF8-CABC-4873-8E94-18F74F04FD1E}"
EndProject
Project("{8BC9CEB8-8B4A-11D0-8D11-00A0C91BC942}") = "ngsserver", "ngsserver\ngsserver.vcproj", "{C63A3EFF-9944-4712-8EF7-401949C6ECF5}"
EndProject
Global
	GlobalSection(SolutionConfigurationPlatforms) = preSolution
		Debug|Win32 = Debug|Win32
		Release|Win32 = Release|Win32
	EndGlobalSection
	GlobalSection(ProjectConfigurationPlatforms) = postSolution
		{3945AFF8-CABC-4873-8E94-18F74F04FD1E}.Debug|Win32.ActiveCfg = Debug|Win32
		{3945AFF8-CABC-4873-8E94-18F74F04FD1E}.Debug|Win32.Build.0 = Debug|Win32
		{3945AFF8-CABC-4873-8E94-18F74F04FD1E}.Release|Win32.ActiveCfg = Release|Win32
		{3945AFF8-CABC-4873-8E94-18F74F04FD1E}.Release|Win32.Build.0 = Release|Win32
		{C63A3EFF-9944-4712-8EF7-401949C6ECF5}.Debug|Win32.ActiveCfg = Debug|Win32
		{C63A3EFF-9944-4712-8EF7-401949C6ECF5}.Debug|Win32.Build.0 = Debug|Win32
		{C63A3EFF-9944-4712-8EF7-401949C6ECF5}.Release|Win32.ActiveCfg = Release|Win32
		{C63A3EFF-9944-4712-8EF7-401949C6ECF5}.Release|Win32.Build.0 = Release|Win32
	EndGlobalSection
	GlobalSection(SolutionProperties) = preSolution
		HideSolutionNode = FALSE
	EndGlobalSection
EndGlobal
